<?xml version="1.0" encoding="utf-8"?>
<Project ToolsVersion="4.0" xmlns="http://schemas.microsoft.com/developer/msbuild/2003">
  <ItemGroup>
    <ClCompile Include="main.cpp" />
    <ClCompile Include="MainGUI.cpp" />
    <ClCompile Include="Test_1.cpp">
      <Filter>Source Files</Filter>
    </ClCompile>
    <ClCompile Include="Test_Cpp_01.cpp">
      <Filter>Source Files</Filter>
    </ClCompile>
    <ClCompile Include="TestGUI.cpp">
      <Filter>Source Files</Filter>
    </ClCompile>
    <ClCompile Include="TestGUI\Test_StackedWidget.cpp">
      <Filter>Source Files</Filter>
    </ClCompile>
    <ClCompile Include="TestGUI\TestDialog.cpp">
      <Filter>Source Files</Filter>
    </ClCompile>
  </ItemGroup>
  <ItemGroup>
    <QtMoc Include="MainGUI.h" />
    <QtMoc Include="Test_1.h">
      <Filter>Header Files</Filter>
    </QtMoc>
    <QtMoc Include="Test_Cpp_01.h">
      <Filter>Header Files</Filter>
    </QtMoc>
    <QtMoc Include="TestGUI.h">
      <Filter>Header Files</Filter>
    </QtMoc>
    <QtMoc Include="TestGUI\Test_StackedWidget.h">
      <Filter>Header Files</Filter>
    </QtMoc>
    <QtMoc Include="TestGUI\TestDialog.h">
      <Filter>Header Files</Filter>
    </QtMoc>
  </ItemGroup>
  <ItemGroup>
    <QtUic Include="MainGUI.ui" />
    <QtUic Include="Test_1.ui">
      <Filter>Form Files</Filter>
    </QtUic>
    <QtUic Include="Test_Cpp_01.ui">
      <Filter>Form Files</Filter>
    </QtUic>
    <QtUic Include="TestGUI.ui">
      <Filter>Form Files</Filter>
    </QtUic>
  </ItemGroup>
  <ItemGroup>
    <Filter Include="Header Files">
      <UniqueIdentifier>{93995380-89BD-4b04-88EB-625FBE52EBFB}</UniqueIdentifier>
      <Extensions>h;hh;hpp;hxx;hm;inl;inc;xsd</Extensions>
      <ParseFiles>true</ParseFiles>
    </Filter>
    <Filter Include="Source Files">
      <UniqueIdentifier>{4FC737F1-C7A5-4376-A066-2A32D752A2FF}</UniqueIdentifier>
      <Extensions>cpp;c;cc;cxx;def;odl;idl;hpj;bat;asm;asmx</Extensions>
      <ParseFiles>true</ParseFiles>
    </Filter>
    <Filter Include="Form Files">
      <UniqueIdentifier>{99349809-55BA-4b9d-BF79-8FDBB0286EB3}</UniqueIdentifier>
      <Extensions>ui</Extensions>
      <ParseFiles>true</ParseFiles>
    </Filter>
  </ItemGroup>
</Project>